version = 1
revision = 1
requires-python = ">=3.9"

[[package]]
name = "importlib-metadata"
version = "8.6.1"
source = { registry = "https://pypi.org/simple" }
dependencies = [
    { name = "zipp" },
]
sdist = { url = "https://files.pythonhosted.org/packages/33/08/c1395a292bb23fd03bdf572a1357c5a733d3eecbab877641ceacab23db6e/importlib_metadata-8.6.1.tar.gz", hash = "sha256:310b41d755445d74569f993ccfc22838295d9fe005425094fad953d7f15c8580", size = 55767 }
wheels = [
    { url = "https://files.pythonhosted.org/packages/79/9d/0fb148dc4d6fa4a7dd1d8378168d9b4cd8d4560a6fbf6f0121c5fc34eb68/importlib_metadata-8.6.1-py3-none-any.whl", hash = "sha256:02a89390c1e15fdfdc0d7c6b25cb3e62650d0494005c97d6f148bf5b9787525e", size = 26971 },
]

[[package]]
name = "ofxstatement"
version = "0.9.2"
source = { registry = "https://pypi.org/simple" }
dependencies = [
    { name = "importlib-metadata", marker = "python_full_version < '3.10'" },
    { name = "platformdirs" },
    { name = "zipp", marker = "python_full_version < '3.10'" },
]
sdist = { url = "https://files.pythonhosted.org/packages/ba/e9/0ae99bc25e887cd25010b08b183acb34421fad38449bce42b43b73288be3/ofxstatement-0.9.2.tar.gz", hash = "sha256:5c1b7b85b7d7bc2397ab0523aec0e702a27ae574ebd550743d951ffed4117152", size = 81260 }
wheels = [
    { url = "https://files.pythonhosted.org/packages/90/9b/d0e6df9be799456b1665cac72e9d00d05fad252d6d8a403f3bde8ead413b/ofxstatement-0.9.2-py3-none-any.whl", hash = "sha256:4a90c5406b3cd07f7f06d4645ce7e1b574d09531de25cb9c0f4d6819eff55b01", size = 52447 },
]

[[package]]
name = "ofxstatement-traderepublic"
version = "0.0.1"
source = { editable = "." }
dependencies = [
    { name = "ofxstatement" },
]

[package.metadata]
requires-dist = [{ name = "ofxstatement" }]

[[package]]
name = "platformdirs"
version = "4.3.6"
source = { registry = "https://pypi.org/simple" }
sdist = { url = "https://files.pythonhosted.org/packages/13/fc/128cc9cb8f03208bdbf93d3aa862e16d376844a14f9a0ce5cf4507372de4/platformdirs-4.3.6.tar.gz", hash = "sha256:357fb2acbc885b0419afd3ce3ed34564c13c9b95c89360cd9563f73aa5e2b907", size = 21302 }
wheels = [
    { url = "https://files.pythonhosted.org/packages/3c/a6/bc1012356d8ece4d66dd75c4b9fc6c1f6650ddd5991e421177d9f8f671be/platformdirs-4.3.6-py3-none-any.whl", hash = "sha256:73e575e1408ab8103900836b97580d5307456908a03e92031bab39e4554cc3fb", size = 18439 },
]

[[package]]
name = "zipp"
version = "3.21.0"
source = { registry = "https://pypi.org/simple" }
sdist = { url = "https://files.pythonhosted.org/packages/3f/50/bad581df71744867e9468ebd0bcd6505de3b275e06f202c2cb016e3ff56f/zipp-3.21.0.tar.gz", hash = "sha256:2c9958f6430a2040341a52eb608ed6dd93ef4392e02ffe219417c1b28b5dd1f4", size = 24545 }
wheels = [
    { url = "https://files.pythonhosted.org/packages/b7/1a/7e4798e9339adc931158c9d69ecc34f5e6791489d469f5e50ec15e35f458/zipp-3.21.0-py3-none-any.whl", hash = "sha256:ac1bbe05fd2991f160ebce24ffbac5f6d11d83dc90891255885223d42b3cd931", size = 9630 },
]
